
Microsoft Visual Studio Solution File, Format Version 12.00
# Visual Studio Version 17
VisualStudioVersion = 17.9.34723.18
MinimumVisualStudioVersion = 10.0.40219.1
Project("{FAE04EC0-301F-11D3-BF4B-00C04F79EFBC}") = "AvtoserviceTovar", "AvtoserviceTovar\AvtoserviceTovar.csproj", "{824572B6-7EF3-4D26-A0C9-4D97E0499596}"
EndProject
Global
	GlobalSection(SolutionConfigurationPlatforms) = preSolution
		Debug|Any CPU = Debug|Any CPU
		Release|Any CPU = Release|Any CPU
	EndGlobalSection
	GlobalSection(ProjectConfigurationPlatforms) = postSolution
		{824572B6-7EF3-4D26-A0C9-4D97E0499596}.Debug|Any CPU.ActiveCfg = Debug|Any CPU
		{824572B6-7EF3-4D26-A0C9-4D97E0499596}.Debug|Any CPU.Build.0 = Debug|Any CPU
		{824572B6-7EF3-4D26-A0C9-4D97E0499596}.Release|Any CPU.ActiveCfg = Release|Any CPU
		{824572B6-7EF3-4D26-A0C9-4D97E0499596}.Release|Any CPU.Build.0 = Release|Any CPU
	EndGlobalSection
	GlobalSection(SolutionProperties) = preSolution
		HideSolutionNode = FALSE
	EndGlobalSection
	GlobalSection(ExtensibilityGlobals) = postSolution
		SolutionGuid = {69C7C449-9CA3-4EFC-B528-857ABFCF3BCC}
	EndGlobalSection
EndGlobal
